
Microsoft Visual Studio Solution File, Format Version 12.00
# Visual Studio Version 16
VisualStudioVersion = 16.0.30804.86
MinimumVisualStudioVersion = 10.0.40219.1
Project("{FAE04EC0-301F-11D3-BF4B-00C04F79EFBC}") = "TAL.Task.Api", "TAL.Task.Api\TAL.Task.Api.csproj", "{89CECA6D-BD24-40BF-925F-4F84F60F6117}"
EndProject
Project("{FAE04EC0-301F-11D3-BF4B-00C04F79EFBC}") = "TAL.Task.Domains", "TAL.Task.Domains\TAL.Task.Domains.csproj", "{1B280B25-27AC-4B76-946B-56CBCE9ACC93}"
EndProject
Project("{FAE04EC0-301F-11D3-BF4B-00C04F79EFBC}") = "TAL.Task.Repositories", "TAL.Task.Repositories\TAL.Task.Repositories.csproj", "{69CF2842-7B7B-47A6-B485-3A823D3B3F6F}"
EndProject
Project("{FAE04EC0-301F-11D3-BF4B-00C04F79EFBC}") = "TAL.Task.Test", "TAL.Task.Test\TAL.Task.Test.csproj", "{450A5E38-D2D6-4EC9-903E-8C6E722500A2}"
EndProject
Global
	GlobalSection(SolutionConfigurationPlatforms) = preSolution
		Debug|Any CPU = Debug|Any CPU
		Release|Any CPU = Release|Any CPU
	EndGlobalSection
	GlobalSection(ProjectConfigurationPlatforms) = postSolution
		{89CECA6D-BD24-40BF-925F-4F84F60F6117}.Debug|Any CPU.ActiveCfg = Debug|Any CPU
		{89CECA6D-BD24-40BF-925F-4F84F60F6117}.Debug|Any CPU.Build.0 = Debug|Any CPU
		{89CECA6D-BD24-40BF-925F-4F84F60F6117}.Release|Any CPU.ActiveCfg = Release|Any CPU
		{89CECA6D-BD24-40BF-925F-4F84F60F6117}.Release|Any CPU.Build.0 = Release|Any CPU
		{1B280B25-27AC-4B76-946B-56CBCE9ACC93}.Debug|Any CPU.ActiveCfg = Debug|Any CPU
		{1B280B25-27AC-4B76-946B-56CBCE9ACC93}.Debug|Any CPU.Build.0 = Debug|Any CPU
		{1B280B25-27AC-4B76-946B-56CBCE9ACC93}.Release|Any CPU.ActiveCfg = Release|Any CPU
		{1B280B25-27AC-4B76-946B-56CBCE9ACC93}.Release|Any CPU.Build.0 = Release|Any CPU
		{69CF2842-7B7B-47A6-B485-3A823D3B3F6F}.Debug|Any CPU.ActiveCfg = Debug|Any CPU
		{69CF2842-7B7B-47A6-B485-3A823D3B3F6F}.Debug|Any CPU.Build.0 = Debug|Any CPU
		{69CF2842-7B7B-47A6-B485-3A823D3B3F6F}.Release|Any CPU.ActiveCfg = Release|Any CPU
		{69CF2842-7B7B-47A6-B485-3A823D3B3F6F}.Release|Any CPU.Build.0 = Release|Any CPU
		{450A5E38-D2D6-4EC9-903E-8C6E722500A2}.Debug|Any CPU.ActiveCfg = Debug|Any CPU
		{450A5E38-D2D6-4EC9-903E-8C6E722500A2}.Debug|Any CPU.Build.0 = Debug|Any CPU
		{450A5E38-D2D6-4EC9-903E-8C6E722500A2}.Release|Any CPU.ActiveCfg = Release|Any CPU
		{450A5E38-D2D6-4EC9-903E-8C6E722500A2}.Release|Any CPU.Build.0 = Release|Any CPU
	EndGlobalSection
	GlobalSection(SolutionProperties) = preSolution
		HideSolutionNode = FALSE
	EndGlobalSection
	GlobalSection(ExtensibilityGlobals) = postSolution
		SolutionGuid = {8B8658AA-FC69-48E8-8BA3-555FD4617B45}
	EndGlobalSection
EndGlobal
